// !$*UTF8*$!
{
	archiveVersion = 1;
	classes = {
	};
	objectVersion = 48;
	objects = {

/* Begin PBXBuildFile section */
		F36419F31F3762EE00EB9BCA /* libFoo.a in Frameworks */ = {isa = PBXBuildFile; fileRef = F36419F21F3762EE00EB9BCA /* libFoo.a */; };
		F36419F61F37634600EB9BCA /* Bar.m in Sources */ = {isa = PBXBuildFile; fileRef = F36419F41F37634600EB9BCA /* Bar.m */; };
		F36419F71F37634600EB9BCA /* Bar.h in Headers */ = {isa = PBXBuildFile; fileRef = F36419F51F37634600EB9BCA /* Bar.h */; };
		F36419FA1F37637600EB9BCA /* Bar.swift in Sources */ = {isa = PBXBuildFile; fileRef = F36419F91F37637600EB9BCA /* Bar.swift */; };
/* End PBXBuildFile section */

/* Begin PBXFileReference section */
		F36419DB1F375EBF00EB9BCA /* libBar.a */ = {isa = PBXFileReference; explicitFileType = archive.ar; includeInIndex = 0; path = libBar.a; sourceTree = BUILT_PRODUCTS_DIR; };
		F36419F21F3762EE00EB9BCA /* libFoo.a */ = {isa = PBXFileReference; lastKnownFileType = archive.ar; name = libFoo.a; path = "../../../../Library/Developer/Xcode/DerivedData/Swift-Static-Libs-aqhhdwjcyrmbiahdarsssvwbnbfz/Build/Products/Debug/libFoo.a"; sourceTree = "<group>"; };
		F36419F41F37634600EB9BCA /* Bar.m */ = {isa = PBXFileReference; fileEncoding = 4; lastKnownFileType = sourcecode.c.objc; name = Bar.m; path = ../../../sources/bar/Bar.m; sourceTree = "<group>"; };
		F36419F51F37634600EB9BCA /* Bar.h */ = {isa = PBXFileReference; fileEncoding = 4; lastKnownFileType = sourcecode.c.h; name = Bar.h; path = ../../../sources/bar/Bar.h; sourceTree = "<group>"; };
		F36419F81F37637600EB9BCA /* Bar-Bridging-Header.h */ = {isa = PBXFileReference; lastKnownFileType = sourcecode.c.h; name = "Bar-Bridging-Header.h"; path = "../../../sources/bar/Bar-Bridging-Header.h"; sourceTree = "<group>"; };
		F36419F91F37637600EB9BCA /* Bar.swift */ = {isa = PBXFileReference; fileEncoding = 4; lastKnownFileType = sourcecode.swift; name = Bar.swift; path = ../../../sources/bar/Bar.swift; sourceTree = "<group>"; };
/* End PBXFileReference section */

/* Begin PBXFrameworksBuildPhase section */
		F36419D81F375EBF00EB9BCA /* Frameworks */ = {
			isa = PBXFrameworksBuildPhase;
			buildActionMask = 2147483647;
			files = (
				F36419F31F3762EE00EB9BCA /* libFoo.a in Frameworks */,
			);
			runOnlyForDeploymentPostprocessing = 0;
		};
/* End PBXFrameworksBuildPhase section */

/* Begin PBXGroup section */
		F36419D21F375EBF00EB9BCA = {
			isa = PBXGroup;
			children = (
				F36419DD1F375EBF00EB9BCA /* Bar */,
				F36419DC1F375EBF00EB9BCA /* Products */,
				F36419F11F3762EE00EB9BCA /* Frameworks */,
			);
			sourceTree = "<group>";
		};
		F36419DC1F375EBF00EB9BCA /* Products */ = {
			isa = PBXGroup;
			children = (
				F36419DB1F375EBF00EB9BCA /* libBar.a */,
			);
			name = Products;
			sourceTree = "<group>";
		};
		F36419DD1F375EBF00EB9BCA /* Bar */ = {
			isa = PBXGroup;
			children = (
				F36419F91F37637600EB9BCA /* Bar.swift */,
				F36419F51F37634600EB9BCA /* Bar.h */,
				F36419F41F37634600EB9BCA /* Bar.m */,
				F36419F81F37637600EB9BCA /* Bar-Bridging-Header.h */,
			);
			path = Bar;
			sourceTree = "<group>";
		};
		F36419F11F3762EE00EB9BCA /* Frameworks */ = {
			isa = PBXGroup;
			children = (
				F36419F21F3762EE00EB9BCA /* libFoo.a */,
			);
			name = Frameworks;
			sourceTree = "<group>";
		};
/* End PBXGroup section */

/* Begin PBXHeadersBuildPhase section */
		F36419D91F375EBF00EB9BCA /* Headers */ = {
			isa = PBXHeadersBuildPhase;
			buildActionMask = 2147483647;
			files = (
				F36419F71F37634600EB9BCA /* Bar.h in Headers */,
			);
			runOnlyForDeploymentPostprocessing = 0;
		};
/* End PBXHeadersBuildPhase section */

/* Begin PBXNativeTarget section */
		F36419DA1F375EBF00EB9BCA /* Bar */ = {
			isa = PBXNativeTarget;
			buildConfigurationList = F36419E41F375EBF00EB9BCA /* Build configuration list for PBXNativeTarget "Bar" */;
			buildPhases = (
				F36419D71F375EBF00EB9BCA /* Sources */,
				F36419D81F375EBF00EB9BCA /* Frameworks */,
				F36419D91F375EBF00EB9BCA /* Headers */,
			);
			buildRules = (
			);
			dependencies = (
			);
			name = Bar;
			productName = Bar;
			productReference = F36419DB1F375EBF00EB9BCA /* libBar.a */;
			productType = "com.apple.product-type.library.static";
		};
/* End PBXNativeTarget section */

/* Begin PBXProject section */
		F36419D31F375EBF00EB9BCA /* Project object */ = {
			isa = PBXProject;
			attributes = {
				LastUpgradeCheck = 0900;
				ORGANIZATIONNAME = "Milen Dzhumerov";
				TargetAttributes = {
					F36419DA1F375EBF00EB9BCA = {
						CreatedOnToolsVersion = 9.0;
						LastSwiftMigration = 0900;
					};
				};
			};
			buildConfigurationList = F36419D61F375EBF00EB9BCA /* Build configuration list for PBXProject "Bar" */;
			compatibilityVersion = "Xcode 8.0";
			developmentRegion = en;
			hasScannedForEncodings = 0;
			knownRegions = (
				en,
			);
			mainGroup = F36419D21F375EBF00EB9BCA;
			productRefGroup = F36419DC1F375EBF00EB9BCA /* Products */;
			projectDirPath = "";
			projectRoot = "";
			targets = (
				F36419DA1F375EBF00EB9BCA /* Bar */,
			);
		};
/* End PBXProject section */

/* Begin PBXSourcesBuildPhase section */
		F36419D71F375EBF00EB9BCA /* Sources */ = {
			isa = PBXSourcesBuildPhase;
			buildActionMask = 2147483647;
			files = (
				F36419F61F37634600EB9BCA /* Bar.m in Sources */,
				F36419FA1F37637600EB9BCA /* Bar.swift in Sources */,
			);
			runOnlyForDeploymentPostprocessing = 0;
		};
/* End PBXSourcesBuildPhase section */

/* Begin XCBuildConfiguration section */
		F36419E21F375EBF00EB9BCA /* Debug */ = {
			isa = XCBuildConfiguration;
			buildSettings = {
				ALWAYS_SEARCH_USER_PATHS = NO;
				CLANG_ANALYZER_NONNULL = YES;
				CLANG_ANALYZER_NUMBER_OBJECT_CONVERSION = YES_AGGRESSIVE;
				CLANG_CXX_LANGUAGE_STANDARD = "gnu++14";
				CLANG_CXX_LIBRARY = "libc++";
				CLANG_ENABLE_MODULES = NO;
				CLANG_ENABLE_OBJC_ARC = YES;
				CLANG_WARN_BLOCK_CAPTURE_AUTORELEASING = YES;
				CLANG_WARN_BOOL_CONVERSION = YES;
				CLANG_WARN_COMMA = YES;
				CLANG_WARN_CONSTANT_CONVERSION = YES;
				CLANG_WARN_DIRECT_OBJC_ISA_USAGE = YES_ERROR;
				CLANG_WARN_DOCUMENTATION_COMMENTS = YES;
				CLANG_WARN_EMPTY_BODY = YES;
				CLANG_WARN_ENUM_CONVERSION = YES;
				CLANG_WARN_INFINITE_RECURSION = YES;
				CLANG_WARN_INT_CONVERSION = YES;
				CLANG_WARN_NON_LITERAL_NULL_CONVERSION = YES;
				CLANG_WARN_OBJC_LITERAL_CONVERSION = YES;
				CLANG_WARN_OBJC_ROOT_CLASS = YES_ERROR;
				CLANG_WARN_RANGE_LOOP_ANALYSIS = YES;
				CLANG_WARN_STRICT_PROTOTYPES = YES;
				CLANG_WARN_SUSPICIOUS_MOVE = YES;
				CLANG_WARN_UNGUARDED_AVAILABILITY = YES_AGGRESSIVE;
				CLANG_WARN_UNREACHABLE_CODE = YES;
				CLANG_WARN__DUPLICATE_METHOD_MATCH = YES;
				CODE_SIGN_IDENTITY = "-";
				COPY_PHASE_STRIP = NO;
				DEBUG_INFORMATION_FORMAT = dwarf;
				ENABLE_STRICT_OBJC_MSGSEND = YES;
				ENABLE_TESTABILITY = YES;
				GCC_C_LANGUAGE_STANDARD = gnu11;
				GCC_DYNAMIC_NO_PIC = NO;
				GCC_NO_COMMON_BLOCKS = YES;
				GCC_OPTIMIZATION_LEVEL = 0;
				GCC_PREPROCESSOR_DEFINITIONS = (
					"DEBUG=1",
					"$(inherited)",
				);
				GCC_WARN_64_TO_32_BIT_CONVERSION = YES;
				GCC_WARN_ABOUT_RETURN_TYPE = YES_ERROR;
				GCC_WARN_UNDECLARED_SELECTOR = YES;
				GCC_WARN_UNINITIALIZED_AUTOS = YES_AGGRESSIVE;
				GCC_WARN_UNUSED_FUNCTION = YES;
				GCC_WARN_UNUSED_VARIABLE = YES;
				MACOSX_DEPLOYMENT_TARGET = 10.12;
				MTL_ENABLE_DEBUG_INFO = YES;
				ONLY_ACTIVE_ARCH = YES;
				SDKROOT = macosx;
			};
			name = Debug;
		};
		F36419E31F375EBF00EB9BCA /* Release */ = {
			isa = XCBuildConfiguration;
			buildSettings = {
				ALWAYS_SEARCH_USER_PATHS = NO;
				CLANG_ANALYZER_NONNULL = YES;
				CLANG_ANALYZER_NUMBER_OBJECT_CONVERSION = YES_AGGRESSIVE;
				CLANG_CXX_LANGUAGE_STANDARD = "gnu++14";
				CLANG_CXX_LIBRARY = "libc++";
				CLANG_ENABLE_MODULES = NO;
				CLANG_ENABLE_OBJC_ARC = YES;
				CLANG_WARN_BLOCK_CAPTURE_AUTORELEASING = YES;
				CLANG_WARN_BOOL_CONVERSION = YES;
				CLANG_WARN_COMMA = YES;
				CLANG_WARN_CONSTANT_CONVERSION = YES;
				CLANG_WARN_DIRECT_OBJC_ISA_USAGE = YES_ERROR;
				CLANG_WARN_DOCUMENTATION_COMMENTS = YES;
				CLANG_WARN_EMPTY_BODY = YES;
				CLANG_WARN_ENUM_CONVERSION = YES;
				CLANG_WARN_INFINITE_RECURSION = YES;
				CLANG_WARN_INT_CONVERSION = YES;
				CLANG_WARN_NON_LITERAL_NULL_CONVERSION = YES;
				CLANG_WARN_OBJC_LITERAL_CONVERSION = YES;
				CLANG_WARN_OBJC_ROOT_CLASS = YES_ERROR;
				CLANG_WARN_RANGE_LOOP_ANALYSIS = YES;
				CLANG_WARN_STRICT_PROTOTYPES = YES;
				CLANG_WARN_SUSPICIOUS_MOVE = YES;
				CLANG_WARN_UNGUARDED_AVAILABILITY = YES_AGGRESSIVE;
				CLANG_WARN_UNREACHABLE_CODE = YES;
				CLANG_WARN__DUPLICATE_METHOD_MATCH = YES;
				CODE_SIGN_IDENTITY = "-";
				COPY_PHASE_STRIP = NO;
				DEBUG_INFORMATION_FORMAT = "dwarf-with-dsym";
				ENABLE_NS_ASSERTIONS = NO;
				ENABLE_STRICT_OBJC_MSGSEND = YES;
				GCC_C_LANGUAGE_STANDARD = gnu11;
				GCC_NO_COMMON_BLOCKS = YES;
				GCC_WARN_64_TO_32_BIT_CONVERSION = YES;
				GCC_WARN_ABOUT_RETURN_TYPE = YES_ERROR;
				GCC_WARN_UNDECLARED_SELECTOR = YES;
				GCC_WARN_UNINITIALIZED_AUTOS = YES_AGGRESSIVE;
				GCC_WARN_UNUSED_FUNCTION = YES;
				GCC_WARN_UNUSED_VARIABLE = YES;
				MACOSX_DEPLOYMENT_TARGET = 10.12;
				MTL_ENABLE_DEBUG_INFO = NO;
				SDKROOT = macosx;
			};
			name = Release;
		};
		F36419E51F375EBF00EB9BCA /* Debug */ = {
			isa = XCBuildConfiguration;
			buildSettings = {
				CLANG_ENABLE_MODULES = YES;
				EXECUTABLE_PREFIX = lib;
				HEADER_SEARCH_PATHS = "$(BUILT_PRODUCTS_DIR)";
				LD_RUNPATH_SEARCH_PATHS = "$(inherited) @executable_path/../Frameworks @loader_path/../Frameworks";
				PRODUCT_NAME = "$(TARGET_NAME)";
				SWIFT_OBJC_BRIDGING_HEADER = "../../sources/bar/Bar-Bridging-Header.h";
				SWIFT_OPTIMIZATION_LEVEL = "-Onone";
				SWIFT_VERSION = 3.0;
			};
			name = Debug;
		};
		F36419E61F375EBF00EB9BCA /* Release */ = {
			isa = XCBuildConfiguration;
			buildSettings = {
				CLANG_ENABLE_MODULES = YES;
				EXECUTABLE_PREFIX = lib;
				HEADER_SEARCH_PATHS = "$(BUILT_PRODUCTS_DIR)";
				LD_RUNPATH_SEARCH_PATHS = "$(inherited) @executable_path/../Frameworks @loader_path/../Frameworks";
				PRODUCT_NAME = "$(TARGET_NAME)";
				SWIFT_OBJC_BRIDGING_HEADER = "../../sources/bar/Bar-Bridging-Header.h";
				SWIFT_VERSION = 3.0;
			};
			name = Release;
		};
/* End XCBuildConfiguration section */

/* Begin XCConfigurationList section */
		F36419D61F375EBF00EB9BCA /* Build configuration list for PBXProject "Bar" */ = {
			isa = XCConfigurationList;
			buildConfigurations = (
				F36419E21F375EBF00EB9BCA /* Debug */,
				F36419E31F375EBF00EB9BCA /* Release */,
			);
			defaultConfigurationIsVisible = 0;
			defaultConfigurationName = Release;
		};
		F36419E41F375EBF00EB9BCA /* Build configuration list for PBXNativeTarget "Bar" */ = {
			isa = XCConfigurationList;
			buildConfigurations = (
				F36419E51F375EBF00EB9BCA /* Debug */,
				F36419E61F375EBF00EB9BCA /* Release */,
			);
			defaultConfigurationIsVisible = 0;
			defaultConfigurationName = Release;
		};
/* End XCConfigurationList section */
	};
	rootObject = F36419D31F375EBF00EB9BCA /* Project object */;
}
